# This file is autogenerated, do not edit; changes may be undone by the next 'dep ensure'.


[[projects]]
  branch = "master"
  name = "github.com/johnsudaar/go-bytearena"
  packages = ["agent","models","transport"]
  revision = "801c4825eb7872240f550b9ca1f2f732f2199eae"

[[projects]]
  name = "github.com/pkg/errors"
  packages = ["."]
  revision = "645ef00459ed84a119197bfb8d8205042c6df63d"
  version = "v0.8.0"

[[projects]]
  name = "github.com/sirupsen/logrus"
  packages = ["."]
  revision = "f006c2ac4710855cf0f916dd6b77acf6b048dc6e"
  version = "v1.0.3"

[[projects]]
  branch = "master"
  name = "golang.org/x/crypto"
  packages = ["ssh/terminal"]
  revision = "9f005a07e0d31d45e6656d241bb5c0f2efd4bc94"

[[projects]]
  branch = "master"
  name = "golang.org/x/sys"
  packages = ["unix","windows"]
  revision = "bf42f188b9bc6f2cf5b8ee5a912ef1aedd0eba4c"

[solve-meta]
  analyzer-name = "dep"
  analyzer-version = 1
  inputs-digest = "793ce4fbe4a6601587d2940e423f7c9373f359c1f5b627f1e0fd359f442fc55d"
  solver-name = "gps-cdcl"
  solver-version = 1
